
Microsoft Visual Studio Solution File, Format Version 12.00
# Visual Studio Version 17
VisualStudioVersion = 17.9.34622.214
MinimumVisualStudioVersion = 10.0.40219.1
Project("{8BC9CEB8-8B4A-11D0-8D11-00A0C91BC942}") = "DgEngine", "Engine\DgEngine\DgEngine.vcxproj", "{61C290CE-1D54-4450-92E5-9C19E63B1114}"
EndProject
Project("{2150E333-8FDC-42A3-9474-1A3956D46DE8}") = "Engine", "Engine", "{51E1EF11-B126-43B5-A1AD-267DDDFFAC43}"
EndProject
Project("{2150E333-8FDC-42A3-9474-1A3956D46DE8}") = "Framework", "Framework", "{D730DDC3-972F-490B-B5EE-41540A8170B0}"
EndProject
Project("{8BC9CEB8-8B4A-11D0-8D11-00A0C91BC942}") = "Core", "Framework\Core\Core.vcxproj", "{9D3FC090-1F66-4BB0-9812-410A6752EDA2}"
EndProject
Project("{2150E333-8FDC-42A3-9474-1A3956D46DE8}") = "VGP242", "VGP242", "{A08C6572-385A-4BD7-ACB2-47FC508FF7FC}"
EndProject
Project("{8BC9CEB8-8B4A-11D0-8D11-00A0C91BC942}") = "01_HelloWindow", "VGP242\01_HelloWindow\01_HelloWindow.vcxproj", "{DB14BEAF-1485-4589-99F9-72511586542B}"
EndProject
Project("{8BC9CEB8-8B4A-11D0-8D11-00A0C91BC942}") = "Math", "Framework\Math\Math.vcxproj", "{7A72B5DE-2FA9-49CF-AEED-4A0137FBC2CE}"
EndProject
Project("{2150E333-8FDC-42A3-9474-1A3956D46DE8}") = "External", "External", "{7B676DA4-1CB4-4836-8FD7-C1E5B650B8FA}"
EndProject
Project("{8BC9CEB8-8B4A-11D0-8D11-00A0C91BC942}") = "DirectXTK_Desktop_2022", "External\DirectXTK\DirectXTK_Desktop_2022.vcxproj", "{E0B52AE7-E160-4D32-BF3F-910B785E5A8E}"
EndProject
Project("{8BC9CEB8-8B4A-11D0-8D11-00A0C91BC942}") = "Graphics", "Framework\Graphics\Graphics.vcxproj", "{004BCEC9-9B80-45D3-B5DD-76E500608362}"
EndProject
Project("{8BC9CEB8-8B4A-11D0-8D11-00A0C91BC942}") = "02_HelloShapes", "VGP242\02_HelloShapes\02_HelloShapes.vcxproj", "{6FA0680C-ADD8-4B2A-8D5B-7E4ADE9840DA}"
EndProject
Project("{2150E333-8FDC-42A3-9474-1A3956D46DE8}") = "Assets", "Assets", "{AEC007DE-FF11-4550-B7CF-ED806E95F7AB}"
EndProject
Project("{2150E333-8FDC-42A3-9474-1A3956D46DE8}") = "Shaders", "Shaders", "{BDE86A11-A40D-4C2F-B896-979569360F9D}"
	ProjectSection(SolutionItems) = preProject
		Assets\Shaders\Do TransformColor.fx = Assets\Shaders\Do TransformColor.fx
		Assets\Shaders\DoColor.fx = Assets\Shaders\DoColor.fx
		Assets\Shaders\DoSomething.fx = Assets\Shaders\DoSomething.fx
		Assets\Shaders\DoTexture.fx = Assets\Shaders\DoTexture.fx
		Assets\Shaders\SimpleDraw.fx = Assets\Shaders\SimpleDraw.fx
	EndProjectSection
EndProject
Project("{8BC9CEB8-8B4A-11D0-8D11-00A0C91BC942}") = "Input", "Framework\Input\Input.vcxproj", "{3629F01A-6FED-42EB-B308-E9F7F1346EAF}"
EndProject
Project("{8BC9CEB8-8B4A-11D0-8D11-00A0C91BC942}") = "03_HelloCube", "VGP242\03_HelloCube\03_HelloCube.vcxproj", "{98B8564F-26B3-4568-BB2B-7971F5AA7CB5}"
EndProject
Project("{8BC9CEB8-8B4A-11D0-8D11-00A0C91BC942}") = "04_HelloMeshBuilder", "VGP242\04_HelloMeshBuilder\04_HelloMeshBuilder.vcxproj", "{D6F85FB8-B9C9-4370-9282-9EA629C830FA}"
EndProject
Project("{8BC9CEB8-8B4A-11D0-8D11-00A0C91BC942}") = "ImGui", "External\ImGui\ImGui.vcxproj", "{52D656A2-A2F4-4C54-A3C7-653427BED1E8}"
EndProject
Project("{8BC9CEB8-8B4A-11D0-8D11-00A0C91BC942}") = "05_HelloDebug", "VGP242\05_HelloDebug\05_HelloDebug.vcxproj", "{6A455E22-32E3-4256-B222-9FB69A3213F7}"
EndProject
Project("{8BC9CEB8-8B4A-11D0-8D11-00A0C91BC942}") = "06_HelloRenderTarget", "VGP242\06_HelloRenderTarget\06_HelloRenderTarget.vcxproj", "{591005D9-BB82-404D-8C4D-C73D3D438B8C}"
EndProject
Project("{8BC9CEB8-8B4A-11D0-8D11-00A0C91BC942}") = "07_HelloSimpleTextureEffect", "VGP242\07_HelloSimpleTextureEffect\07_HelloSimpleTextureEffect.vcxproj", "{EAA59333-99B4-42A2-AC58-FB0A3B413494}"
EndProject
Project("{8BC9CEB8-8B4A-11D0-8D11-00A0C91BC942}") = "08_HelloSolarSystem", "VGP242\08_HelloSolarSystem\08_HelloSolarSystem.vcxproj", "{6EB0F8E9-AE3C-4859-B8C6-02903A3A4454}"
EndProject
Global
	GlobalSection(SolutionConfigurationPlatforms) = preSolution
		Debug|x64 = Debug|x64
		Debug|x86 = Debug|x86
		Release|x64 = Release|x64
		Release|x86 = Release|x86
	EndGlobalSection
	GlobalSection(ProjectConfigurationPlatforms) = postSolution
		{61C290CE-1D54-4450-92E5-9C19E63B1114}.Debug|x64.ActiveCfg = Debug|x64
		{61C290CE-1D54-4450-92E5-9C19E63B1114}.Debug|x64.Build.0 = Debug|x64
		{61C290CE-1D54-4450-92E5-9C19E63B1114}.Debug|x86.ActiveCfg = Debug|Win32
		{61C290CE-1D54-4450-92E5-9C19E63B1114}.Debug|x86.Build.0 = Debug|Win32
		{61C290CE-1D54-4450-92E5-9C19E63B1114}.Release|x64.ActiveCfg = Release|x64
		{61C290CE-1D54-4450-92E5-9C19E63B1114}.Release|x64.Build.0 = Release|x64
		{61C290CE-1D54-4450-92E5-9C19E63B1114}.Release|x86.ActiveCfg = Release|Win32
		{61C290CE-1D54-4450-92E5-9C19E63B1114}.Release|x86.Build.0 = Release|Win32
		{9D3FC090-1F66-4BB0-9812-410A6752EDA2}.Debug|x64.ActiveCfg = Debug|x64
		{9D3FC090-1F66-4BB0-9812-410A6752EDA2}.Debug|x64.Build.0 = Debug|x64
		{9D3FC090-1F66-4BB0-9812-410A6752EDA2}.Debug|x86.ActiveCfg = Debug|Win32
		{9D3FC090-1F66-4BB0-9812-410A6752EDA2}.Debug|x86.Build.0 = Debug|Win32
		{9D3FC090-1F66-4BB0-9812-410A6752EDA2}.Release|x64.ActiveCfg = Release|x64
		{9D3FC090-1F66-4BB0-9812-410A6752EDA2}.Release|x64.Build.0 = Release|x64
		{9D3FC090-1F66-4BB0-9812-410A6752EDA2}.Release|x86.ActiveCfg = Release|Win32
		{9D3FC090-1F66-4BB0-9812-410A6752EDA2}.Release|x86.Build.0 = Release|Win32
		{DB14BEAF-1485-4589-99F9-72511586542B}.Debug|x64.ActiveCfg = Debug|x64
		{DB14BEAF-1485-4589-99F9-72511586542B}.Debug|x64.Build.0 = Debug|x64
		{DB14BEAF-1485-4589-99F9-72511586542B}.Debug|x86.ActiveCfg = Debug|Win32
		{DB14BEAF-1485-4589-99F9-72511586542B}.Debug|x86.Build.0 = Debug|Win32
		{DB14BEAF-1485-4589-99F9-72511586542B}.Release|x64.ActiveCfg = Release|x64
		{DB14BEAF-1485-4589-99F9-72511586542B}.Release|x64.Build.0 = Release|x64
		{DB14BEAF-1485-4589-99F9-72511586542B}.Release|x86.ActiveCfg = Release|Win32
		{DB14BEAF-1485-4589-99F9-72511586542B}.Release|x86.Build.0 = Release|Win32
		{7A72B5DE-2FA9-49CF-AEED-4A0137FBC2CE}.Debug|x64.ActiveCfg = Debug|x64
		{7A72B5DE-2FA9-49CF-AEED-4A0137FBC2CE}.Debug|x64.Build.0 = Debug|x64
		{7A72B5DE-2FA9-49CF-AEED-4A0137FBC2CE}.Debug|x86.ActiveCfg = Debug|Win32
		{7A72B5DE-2FA9-49CF-AEED-4A0137FBC2CE}.Debug|x86.Build.0 = Debug|Win32
		{7A72B5DE-2FA9-49CF-AEED-4A0137FBC2CE}.Release|x64.ActiveCfg = Release|x64
		{7A72B5DE-2FA9-49CF-AEED-4A0137FBC2CE}.Release|x64.Build.0 = Release|x64
		{7A72B5DE-2FA9-49CF-AEED-4A0137FBC2CE}.Release|x86.ActiveCfg = Release|Win32
		{7A72B5DE-2FA9-49CF-AEED-4A0137FBC2CE}.Release|x86.Build.0 = Release|Win32
		{E0B52AE7-E160-4D32-BF3F-910B785E5A8E}.Debug|x64.ActiveCfg = Debug|x64
		{E0B52AE7-E160-4D32-BF3F-910B785E5A8E}.Debug|x64.Build.0 = Debug|x64
		{E0B52AE7-E160-4D32-BF3F-910B785E5A8E}.Debug|x86.ActiveCfg = Debug|Win32
		{E0B52AE7-E160-4D32-BF3F-910B785E5A8E}.Debug|x86.Build.0 = Debug|Win32
		{E0B52AE7-E160-4D32-BF3F-910B785E5A8E}.Release|x64.ActiveCfg = Release|x64
		{E0B52AE7-E160-4D32-BF3F-910B785E5A8E}.Release|x64.Build.0 = Release|x64
		{E0B52AE7-E160-4D32-BF3F-910B785E5A8E}.Release|x86.ActiveCfg = Release|Win32
		{E0B52AE7-E160-4D32-BF3F-910B785E5A8E}.Release|x86.Build.0 = Release|Win32
		{004BCEC9-9B80-45D3-B5DD-76E500608362}.Debug|x64.ActiveCfg = Debug|x64
		{004BCEC9-9B80-45D3-B5DD-76E500608362}.Debug|x64.Build.0 = Debug|x64
		{004BCEC9-9B80-45D3-B5DD-76E500608362}.Debug|x86.ActiveCfg = Debug|Win32
		{004BCEC9-9B80-45D3-B5DD-76E500608362}.Debug|x86.Build.0 = Debug|Win32
		{004BCEC9-9B80-45D3-B5DD-76E500608362}.Release|x64.ActiveCfg = Release|x64
		{004BCEC9-9B80-45D3-B5DD-76E500608362}.Release|x64.Build.0 = Release|x64
		{004BCEC9-9B80-45D3-B5DD-76E500608362}.Release|x86.ActiveCfg = Release|Win32
		{004BCEC9-9B80-45D3-B5DD-76E500608362}.Release|x86.Build.0 = Release|Win32
		{6FA0680C-ADD8-4B2A-8D5B-7E4ADE9840DA}.Debug|x64.ActiveCfg = Debug|x64
		{6FA0680C-ADD8-4B2A-8D5B-7E4ADE9840DA}.Debug|x64.Build.0 = Debug|x64
		{6FA0680C-ADD8-4B2A-8D5B-7E4ADE9840DA}.Debug|x86.ActiveCfg = Debug|Win32
		{6FA0680C-ADD8-4B2A-8D5B-7E4ADE9840DA}.Debug|x86.Build.0 = Debug|Win32
		{6FA0680C-ADD8-4B2A-8D5B-7E4ADE9840DA}.Release|x64.ActiveCfg = Release|x64
		{6FA0680C-ADD8-4B2A-8D5B-7E4ADE9840DA}.Release|x64.Build.0 = Release|x64
		{6FA0680C-ADD8-4B2A-8D5B-7E4ADE9840DA}.Release|x86.ActiveCfg = Release|Win32
		{6FA0680C-ADD8-4B2A-8D5B-7E4ADE9840DA}.Release|x86.Build.0 = Release|Win32
		{3629F01A-6FED-42EB-B308-E9F7F1346EAF}.Debug|x64.ActiveCfg = Debug|x64
		{3629F01A-6FED-42EB-B308-E9F7F1346EAF}.Debug|x64.Build.0 = Debug|x64
		{3629F01A-6FED-42EB-B308-E9F7F1346EAF}.Debug|x86.ActiveCfg = Debug|Win32
		{3629F01A-6FED-42EB-B308-E9F7F1346EAF}.Debug|x86.Build.0 = Debug|Win32
		{3629F01A-6FED-42EB-B308-E9F7F1346EAF}.Release|x64.ActiveCfg = Release|x64
		{3629F01A-6FED-42EB-B308-E9F7F1346EAF}.Release|x64.Build.0 = Release|x64
		{3629F01A-6FED-42EB-B308-E9F7F1346EAF}.Release|x86.ActiveCfg = Release|Win32
		{3629F01A-6FED-42EB-B308-E9F7F1346EAF}.Release|x86.Build.0 = Release|Win32
		{98B8564F-26B3-4568-BB2B-7971F5AA7CB5}.Debug|x64.ActiveCfg = Debug|x64
		{98B8564F-26B3-4568-BB2B-7971F5AA7CB5}.Debug|x64.Build.0 = Debug|x64
		{98B8564F-26B3-4568-BB2B-7971F5AA7CB5}.Debug|x86.ActiveCfg = Debug|Win32
		{98B8564F-26B3-4568-BB2B-7971F5AA7CB5}.Debug|x86.Build.0 = Debug|Win32
		{98B8564F-26B3-4568-BB2B-7971F5AA7CB5}.Release|x64.ActiveCfg = Release|x64
		{98B8564F-26B3-4568-BB2B-7971F5AA7CB5}.Release|x64.Build.0 = Release|x64
		{98B8564F-26B3-4568-BB2B-7971F5AA7CB5}.Release|x86.ActiveCfg = Release|Win32
		{98B8564F-26B3-4568-BB2B-7971F5AA7CB5}.Release|x86.Build.0 = Release|Win32
		{D6F85FB8-B9C9-4370-9282-9EA629C830FA}.Debug|x64.ActiveCfg = Debug|x64
		{D6F85FB8-B9C9-4370-9282-9EA629C830FA}.Debug|x64.Build.0 = Debug|x64
		{D6F85FB8-B9C9-4370-9282-9EA629C830FA}.Debug|x86.ActiveCfg = Debug|Win32
		{D6F85FB8-B9C9-4370-9282-9EA629C830FA}.Debug|x86.Build.0 = Debug|Win32
		{D6F85FB8-B9C9-4370-9282-9EA629C830FA}.Release|x64.ActiveCfg = Release|x64
		{D6F85FB8-B9C9-4370-9282-9EA629C830FA}.Release|x64.Build.0 = Release|x64
		{D6F85FB8-B9C9-4370-9282-9EA629C830FA}.Release|x86.ActiveCfg = Release|Win32
		{D6F85FB8-B9C9-4370-9282-9EA629C830FA}.Release|x86.Build.0 = Release|Win32
		{52D656A2-A2F4-4C54-A3C7-653427BED1E8}.Debug|x64.ActiveCfg = Debug|x64
		{52D656A2-A2F4-4C54-A3C7-653427BED1E8}.Debug|x64.Build.0 = Debug|x64
		{52D656A2-A2F4-4C54-A3C7-653427BED1E8}.Debug|x86.ActiveCfg = Debug|Win32
		{52D656A2-A2F4-4C54-A3C7-653427BED1E8}.Debug|x86.Build.0 = Debug|Win32
		{52D656A2-A2F4-4C54-A3C7-653427BED1E8}.Release|x64.ActiveCfg = Release|x64
		{52D656A2-A2F4-4C54-A3C7-653427BED1E8}.Release|x64.Build.0 = Release|x64
		{52D656A2-A2F4-4C54-A3C7-653427BED1E8}.Release|x86.ActiveCfg = Release|Win32
		{52D656A2-A2F4-4C54-A3C7-653427BED1E8}.Release|x86.Build.0 = Release|Win32
		{6A455E22-32E3-4256-B222-9FB69A3213F7}.Debug|x64.ActiveCfg = Debug|x64
		{6A455E22-32E3-4256-B222-9FB69A3213F7}.Debug|x64.Build.0 = Debug|x64
		{6A455E22-32E3-4256-B222-9FB69A3213F7}.Debug|x86.ActiveCfg = Debug|Win32
		{6A455E22-32E3-4256-B222-9FB69A3213F7}.Debug|x86.Build.0 = Debug|Win32
		{6A455E22-32E3-4256-B222-9FB69A3213F7}.Release|x64.ActiveCfg = Release|x64
		{6A455E22-32E3-4256-B222-9FB69A3213F7}.Release|x64.Build.0 = Release|x64
		{6A455E22-32E3-4256-B222-9FB69A3213F7}.Release|x86.ActiveCfg = Release|Win32
		{6A455E22-32E3-4256-B222-9FB69A3213F7}.Release|x86.Build.0 = Release|Win32
		{591005D9-BB82-404D-8C4D-C73D3D438B8C}.Debug|x64.ActiveCfg = Debug|x64
		{591005D9-BB82-404D-8C4D-C73D3D438B8C}.Debug|x64.Build.0 = Debug|x64
		{591005D9-BB82-404D-8C4D-C73D3D438B8C}.Debug|x86.ActiveCfg = Debug|Win32
		{591005D9-BB82-404D-8C4D-C73D3D438B8C}.Debug|x86.Build.0 = Debug|Win32
		{591005D9-BB82-404D-8C4D-C73D3D438B8C}.Release|x64.ActiveCfg = Release|x64
		{591005D9-BB82-404D-8C4D-C73D3D438B8C}.Release|x64.Build.0 = Release|x64
		{591005D9-BB82-404D-8C4D-C73D3D438B8C}.Release|x86.ActiveCfg = Release|Win32
		{591005D9-BB82-404D-8C4D-C73D3D438B8C}.Release|x86.Build.0 = Release|Win32
		{EAA59333-99B4-42A2-AC58-FB0A3B413494}.Debug|x64.ActiveCfg = Debug|x64
		{EAA59333-99B4-42A2-AC58-FB0A3B413494}.Debug|x64.Build.0 = Debug|x64
		{EAA59333-99B4-42A2-AC58-FB0A3B413494}.Debug|x86.ActiveCfg = Debug|Win32
		{EAA59333-99B4-42A2-AC58-FB0A3B413494}.Debug|x86.Build.0 = Debug|Win32
		{EAA59333-99B4-42A2-AC58-FB0A3B413494}.Release|x64.ActiveCfg = Release|x64
		{EAA59333-99B4-42A2-AC58-FB0A3B413494}.Release|x64.Build.0 = Release|x64
		{EAA59333-99B4-42A2-AC58-FB0A3B413494}.Release|x86.ActiveCfg = Release|Win32
		{EAA59333-99B4-42A2-AC58-FB0A3B413494}.Release|x86.Build.0 = Release|Win32
		{6EB0F8E9-AE3C-4859-B8C6-02903A3A4454}.Debug|x64.ActiveCfg = Debug|x64
		{6EB0F8E9-AE3C-4859-B8C6-02903A3A4454}.Debug|x64.Build.0 = Debug|x64
		{6EB0F8E9-AE3C-4859-B8C6-02903A3A4454}.Debug|x86.ActiveCfg = Debug|Win32
		{6EB0F8E9-AE3C-4859-B8C6-02903A3A4454}.Debug|x86.Build.0 = Debug|Win32
		{6EB0F8E9-AE3C-4859-B8C6-02903A3A4454}.Release|x64.ActiveCfg = Release|x64
		{6EB0F8E9-AE3C-4859-B8C6-02903A3A4454}.Release|x64.Build.0 = Release|x64
		{6EB0F8E9-AE3C-4859-B8C6-02903A3A4454}.Release|x86.ActiveCfg = Release|Win32
		{6EB0F8E9-AE3C-4859-B8C6-02903A3A4454}.Release|x86.Build.0 = Release|Win32
	EndGlobalSection
	GlobalSection(SolutionProperties) = preSolution
		HideSolutionNode = FALSE
	EndGlobalSection
	GlobalSection(NestedProjects) = preSolution
		{61C290CE-1D54-4450-92E5-9C19E63B1114} = {51E1EF11-B126-43B5-A1AD-267DDDFFAC43}
		{9D3FC090-1F66-4BB0-9812-410A6752EDA2} = {D730DDC3-972F-490B-B5EE-41540A8170B0}
		{DB14BEAF-1485-4589-99F9-72511586542B} = {A08C6572-385A-4BD7-ACB2-47FC508FF7FC}
		{7A72B5DE-2FA9-49CF-AEED-4A0137FBC2CE} = {D730DDC3-972F-490B-B5EE-41540A8170B0}
		{E0B52AE7-E160-4D32-BF3F-910B785E5A8E} = {7B676DA4-1CB4-4836-8FD7-C1E5B650B8FA}
		{004BCEC9-9B80-45D3-B5DD-76E500608362} = {D730DDC3-972F-490B-B5EE-41540A8170B0}
		{6FA0680C-ADD8-4B2A-8D5B-7E4ADE9840DA} = {A08C6572-385A-4BD7-ACB2-47FC508FF7FC}
		{BDE86A11-A40D-4C2F-B896-979569360F9D} = {AEC007DE-FF11-4550-B7CF-ED806E95F7AB}
		{3629F01A-6FED-42EB-B308-E9F7F1346EAF} = {D730DDC3-972F-490B-B5EE-41540A8170B0}
		{98B8564F-26B3-4568-BB2B-7971F5AA7CB5} = {A08C6572-385A-4BD7-ACB2-47FC508FF7FC}
		{D6F85FB8-B9C9-4370-9282-9EA629C830FA} = {A08C6572-385A-4BD7-ACB2-47FC508FF7FC}
		{52D656A2-A2F4-4C54-A3C7-653427BED1E8} = {7B676DA4-1CB4-4836-8FD7-C1E5B650B8FA}
		{6A455E22-32E3-4256-B222-9FB69A3213F7} = {A08C6572-385A-4BD7-ACB2-47FC508FF7FC}
		{591005D9-BB82-404D-8C4D-C73D3D438B8C} = {A08C6572-385A-4BD7-ACB2-47FC508FF7FC}
		{EAA59333-99B4-42A2-AC58-FB0A3B413494} = {A08C6572-385A-4BD7-ACB2-47FC508FF7FC}
		{6EB0F8E9-AE3C-4859-B8C6-02903A3A4454} = {A08C6572-385A-4BD7-ACB2-47FC508FF7FC}
	EndGlobalSection
	GlobalSection(ExtensibilityGlobals) = postSolution
		SolutionGuid = {65254DFF-05EE-4CC6-84AC-D87D13E6C766}
	EndGlobalSection
EndGlobal
